
Microsoft Visual Studio Solution File, Format Version 12.00
Project("{FAE04EC0-301F-11D3-BF4B-00C04F79EFBC}") = "Alantoo.AvaloniaDeadlockRepro", "Alantoo.AvaloniaDeadlockRepro\Alantoo.AvaloniaDeadlockRepro.csproj", "{D87EF6FE-2CD2-4AB2-A5D2-BAFDE7B2ABE4}"
EndProject
Global
	GlobalSection(SolutionConfigurationPlatforms) = preSolution
		Debug|Any CPU = Debug|Any CPU
		Release|Any CPU = Release|Any CPU
	EndGlobalSection
	GlobalSection(ProjectConfigurationPlatforms) = postSolution
		{D87EF6FE-2CD2-4AB2-A5D2-BAFDE7B2ABE4}.Debug|Any CPU.ActiveCfg = Debug|Any CPU
		{D87EF6FE-2CD2-4AB2-A5D2-BAFDE7B2ABE4}.Debug|Any CPU.Build.0 = Debug|Any CPU
		{D87EF6FE-2CD2-4AB2-A5D2-BAFDE7B2ABE4}.Release|Any CPU.ActiveCfg = Release|Any CPU
		{D87EF6FE-2CD2-4AB2-A5D2-BAFDE7B2ABE4}.Release|Any CPU.Build.0 = Release|Any CPU
	EndGlobalSection
EndGlobal
